{
  "object": {
    "pins": [
      {
        "package": "KeyboardAvoidance",
        "repositoryURL": "git@github.com:Wiingaard/KeyboardAvoidanceSwiftUI.git",
        "state": {
          "branch": null,
          "revision": "9a734aa3178b3aa8d6048ec3107b38ce36dca1ba",
          "version": "0.0.2"
        }
      },
      {
        "package": "Combinatorics",
        "repositoryURL": "https://github.com/dankogai/swift-combinatorics.git",
        "state": {
          "branch": null,
          "revision": "08ca1a006601ec932115f33ffc0469e67284d68f",
          "version": "0.0.2"
        }
      }
    ]
  },
  "version": 1
}
